// !$*UTF8*$!
{
	archiveVersion = 1;
	classes = {
	};
	objectVersion = 50;
	objects = {

/* Begin PBXBuildFile section */
		324C571521E445D70068A242 /* CalculationModelTest.swift in Sources */ = {isa = PBXBuildFile; fileRef = 324C571421E445D70068A242 /* CalculationModelTest.swift */; };
		32B3AE9921940F2700C14C20 /* AppDelegate.swift in Sources */ = {isa = PBXBuildFile; fileRef = 32B3AE9821940F2700C14C20 /* AppDelegate.swift */; };
		32B3AEA021940F2900C14C20 /* Assets.xcassets in Resources */ = {isa = PBXBuildFile; fileRef = 32B3AE9F21940F2900C14C20 /* Assets.xcassets */; };
		32B3AEA321940F2900C14C20 /* LaunchScreen.storyboard in Resources */ = {isa = PBXBuildFile; fileRef = 32B3AEA121940F2900C14C20 /* LaunchScreen.storyboard */; };
		32B3AEAE21940F2900C14C20 /* CalculationTests.swift in Sources */ = {isa = PBXBuildFile; fileRef = 32B3AEAD21940F2900C14C20 /* CalculationTests.swift */; };
		32B3AEB921940F2900C14C20 /* CalculationUITests.swift in Sources */ = {isa = PBXBuildFile; fileRef = 32B3AEB821940F2900C14C20 /* CalculationUITests.swift */; };
/* End PBXBuildFile section */

/* Begin PBXContainerItemProxy section */
		32B3AEAA21940F2900C14C20 /* PBXContainerItemProxy */ = {
			isa = PBXContainerItemProxy;
			containerPortal = 32B3AE8D21940F2700C14C20 /* Project object */;
			proxyType = 1;
			remoteGlobalIDString = 32B3AE9421940F2700C14C20;
			remoteInfo = Calculation;
		};
		32B3AEB521940F2900C14C20 /* PBXContainerItemProxy */ = {
			isa = PBXContainerItemProxy;
			containerPortal = 32B3AE8D21940F2700C14C20 /* Project object */;
			proxyType = 1;
			remoteGlobalIDString = 32B3AE9421940F2700C14C20;
			remoteInfo = Calculation;
		};
/* End PBXContainerItemProxy section */

/* Begin PBXFileReference section */
		324C571421E445D70068A242 /* CalculationModelTest.swift */ = {isa = PBXFileReference; lastKnownFileType = sourcecode.swift; path = CalculationModelTest.swift; sourceTree = "<group>"; };
		32B3AE9521940F2700C14C20 /* Calculation.app */ = {isa = PBXFileReference; explicitFileType = wrapper.application; includeInIndex = 0; path = Calculation.app; sourceTree = BUILT_PRODUCTS_DIR; };
		32B3AE9821940F2700C14C20 /* AppDelegate.swift */ = {isa = PBXFileReference; lastKnownFileType = sourcecode.swift; path = AppDelegate.swift; sourceTree = "<group>"; };
		32B3AE9F21940F2900C14C20 /* Assets.xcassets */ = {isa = PBXFileReference; lastKnownFileType = folder.assetcatalog; path = Assets.xcassets; sourceTree = "<group>"; };
		32B3AEA221940F2900C14C20 /* Base */ = {isa = PBXFileReference; lastKnownFileType = file.storyboard; name = Base; path = Base.lproj/LaunchScreen.storyboard; sourceTree = "<group>"; };
		32B3AEA421940F2900C14C20 /* Info.plist */ = {isa = PBXFileReference; lastKnownFileType = text.plist.xml; path = Info.plist; sourceTree = "<group>"; };
		32B3AEA921940F2900C14C20 /* CalculationTests.xctest */ = {isa = PBXFileReference; explicitFileType = wrapper.cfbundle; includeInIndex = 0; path = CalculationTests.xctest; sourceTree = BUILT_PRODUCTS_DIR; };
		32B3AEAD21940F2900C14C20 /* CalculationTests.swift */ = {isa = PBXFileReference; lastKnownFileType = sourcecode.swift; path = CalculationTests.swift; sourceTree = "<group>"; };
		32B3AEAF21940F2900C14C20 /* Info.plist */ = {isa = PBXFileReference; lastKnownFileType = text.plist.xml; path = Info.plist; sourceTree = "<group>"; };
		32B3AEB421940F2900C14C20 /* CalculationUITests.xctest */ = {isa = PBXFileReference; explicitFileType = wrapper.cfbundle; includeInIndex = 0; path = CalculationUITests.xctest; sourceTree = BUILT_PRODUCTS_DIR; };
		32B3AEB821940F2900C14C20 /* CalculationUITests.swift */ = {isa = PBXFileReference; lastKnownFileType = sourcecode.swift; path = CalculationUITests.swift; sourceTree = "<group>"; };
		32B3AEBA21940F2900C14C20 /* Info.plist */ = {isa = PBXFileReference; lastKnownFileType = text.plist.xml; path = Info.plist; sourceTree = "<group>"; };
/* End PBXFileReference section */

/* Begin PBXFrameworksBuildPhase section */
		32B3AE9221940F2700C14C20 /* Frameworks */ = {
			isa = PBXFrameworksBuildPhase;
			buildActionMask = 2147483647;
			files = (
			);
			runOnlyForDeploymentPostprocessing = 0;
		};
		32B3AEA621940F2900C14C20 /* Frameworks */ = {
			isa = PBXFrameworksBuildPhase;
			buildActionMask = 2147483647;
			files = (
			);
			runOnlyForDeploymentPostprocessing = 0;
		};
		32B3AEB121940F2900C14C20 /* Frameworks */ = {
			isa = PBXFrameworksBuildPhase;
			buildActionMask = 2147483647;
			files = (
			);
			runOnlyForDeploymentPostprocessing = 0;
		};
/* End PBXFrameworksBuildPhase section */

/* Begin PBXGroup section */
		32181C3F2199807A009290A9 /* ViewController */ = {
			isa = PBXGroup;
			children = (
			);
			path = ViewController;
			sourceTree = "<group>";
		};
		32181C4021998084009290A9 /* Storyboard */ = {
			isa = PBXGroup;
			children = (
			);
			path = Storyboard;
			sourceTree = "<group>";
		};
		32B3AE8C21940F2700C14C20 = {
			isa = PBXGroup;
			children = (
				32B3AE9721940F2700C14C20 /* Calculation */,
				32B3AEAC21940F2900C14C20 /* CalculationTests */,
				32B3AEB721940F2900C14C20 /* CalculationUITests */,
				32B3AE9621940F2700C14C20 /* Products */,
			);
			sourceTree = "<group>";
		};
		32B3AE9621940F2700C14C20 /* Products */ = {
			isa = PBXGroup;
			children = (
				32B3AE9521940F2700C14C20 /* Calculation.app */,
				32B3AEA921940F2900C14C20 /* CalculationTests.xctest */,
				32B3AEB421940F2900C14C20 /* CalculationUITests.xctest */,
			);
			name = Products;
			sourceTree = "<group>";
		};
		32B3AE9721940F2700C14C20 /* Calculation */ = {
			isa = PBXGroup;
			children = (
				32B3AE9821940F2700C14C20 /* AppDelegate.swift */,
				32181C3F2199807A009290A9 /* ViewController */,
				32181C4021998084009290A9 /* Storyboard */,
				32B3AE9F21940F2900C14C20 /* Assets.xcassets */,
				32B3AEA121940F2900C14C20 /* LaunchScreen.storyboard */,
				32B3AEA421940F2900C14C20 /* Info.plist */,
			);
			path = Calculation;
			sourceTree = "<group>";
		};
		32B3AEAC21940F2900C14C20 /* CalculationTests */ = {
			isa = PBXGroup;
			children = (
				32B3AEAD21940F2900C14C20 /* CalculationTests.swift */,
				324C571421E445D70068A242 /* CalculationModelTest.swift */,
				32B3AEAF21940F2900C14C20 /* Info.plist */,
			);
			path = CalculationTests;
			sourceTree = "<group>";
		};
		32B3AEB721940F2900C14C20 /* CalculationUITests */ = {
			isa = PBXGroup;
			children = (
				32B3AEB821940F2900C14C20 /* CalculationUITests.swift */,
				32B3AEBA21940F2900C14C20 /* Info.plist */,
			);
			path = CalculationUITests;
			sourceTree = "<group>";
		};
/* End PBXGroup section */

/* Begin PBXNativeTarget section */
		32B3AE9421940F2700C14C20 /* Calculation */ = {
			isa = PBXNativeTarget;
			buildConfigurationList = 32B3AEBD21940F2900C14C20 /* Build configuration list for PBXNativeTarget "Calculation" */;
			buildPhases = (
				32B3AE9121940F2700C14C20 /* Sources */,
				32B3AE9221940F2700C14C20 /* Frameworks */,
				32B3AE9321940F2700C14C20 /* Resources */,
			);
			buildRules = (
			);
			dependencies = (
			);
			name = Calculation;
			productName = Calculation;
			productReference = 32B3AE9521940F2700C14C20 /* Calculation.app */;
			productType = "com.apple.product-type.application";
		};
		32B3AEA821940F2900C14C20 /* CalculationTests */ = {
			isa = PBXNativeTarget;
			buildConfigurationList = 32B3AEC021940F2900C14C20 /* Build configuration list for PBXNativeTarget "CalculationTests" */;
			buildPhases = (
				32B3AEA521940F2900C14C20 /* Sources */,
				32B3AEA621940F2900C14C20 /* Frameworks */,
				32B3AEA721940F2900C14C20 /* Resources */,
			);
			buildRules = (
			);
			dependencies = (
				32B3AEAB21940F2900C14C20 /* PBXTargetDependency */,
			);
			name = CalculationTests;
			productName = CalculationTests;
			productReference = 32B3AEA921940F2900C14C20 /* CalculationTests.xctest */;
			productType = "com.apple.product-type.bundle.unit-test";
		};
		32B3AEB321940F2900C14C20 /* CalculationUITests */ = {
			isa = PBXNativeTarget;
			buildConfigurationList = 32B3AEC321940F2900C14C20 /* Build configuration list for PBXNativeTarget "CalculationUITests" */;
			buildPhases = (
				32B3AEB021940F2900C14C20 /* Sources */,
				32B3AEB121940F2900C14C20 /* Frameworks */,
				32B3AEB221940F2900C14C20 /* Resources */,
			);
			buildRules = (
			);
			dependencies = (
				32B3AEB621940F2900C14C20 /* PBXTargetDependency */,
			);
			name = CalculationUITests;
			productName = CalculationUITests;
			productReference = 32B3AEB421940F2900C14C20 /* CalculationUITests.xctest */;
			productType = "com.apple.product-type.bundle.ui-testing";
		};
/* End PBXNativeTarget section */

/* Begin PBXProject section */
		32B3AE8D21940F2700C14C20 /* Project object */ = {
			isa = PBXProject;
			attributes = {
				LastSwiftUpdateCheck = 1010;
				LastUpgradeCheck = 1010;
				ORGANIZATIONNAME = "陸　前田";
				TargetAttributes = {
					32B3AE9421940F2700C14C20 = {
						CreatedOnToolsVersion = 10.1;
					};
					32B3AEA821940F2900C14C20 = {
						CreatedOnToolsVersion = 10.1;
						TestTargetID = 32B3AE9421940F2700C14C20;
					};
					32B3AEB321940F2900C14C20 = {
						CreatedOnToolsVersion = 10.1;
						TestTargetID = 32B3AE9421940F2700C14C20;
					};
				};
			};
			buildConfigurationList = 32B3AE9021940F2700C14C20 /* Build configuration list for PBXProject "Calculation" */;
			compatibilityVersion = "Xcode 9.3";
			developmentRegion = en;
			hasScannedForEncodings = 0;
			knownRegions = (
				en,
				Base,
			);
			mainGroup = 32B3AE8C21940F2700C14C20;
			productRefGroup = 32B3AE9621940F2700C14C20 /* Products */;
			projectDirPath = "";
			projectRoot = "";
			targets = (
				32B3AE9421940F2700C14C20 /* Calculation */,
				32B3AEA821940F2900C14C20 /* CalculationTests */,
				32B3AEB321940F2900C14C20 /* CalculationUITests */,
			);
		};
/* End PBXProject section */

/* Begin PBXResourcesBuildPhase section */
		32B3AE9321940F2700C14C20 /* Resources */ = {
			isa = PBXResourcesBuildPhase;
			buildActionMask = 2147483647;
			files = (
				32B3AEA321940F2900C14C20 /* LaunchScreen.storyboard in Resources */,
				32B3AEA021940F2900C14C20 /* Assets.xcassets in Resources */,
			);
			runOnlyForDeploymentPostprocessing = 0;
		};
		32B3AEA721940F2900C14C20 /* Resources */ = {
			isa = PBXResourcesBuildPhase;
			buildActionMask = 2147483647;
			files = (
			);
			runOnlyForDeploymentPostprocessing = 0;
		};
		32B3AEB221940F2900C14C20 /* Resources */ = {
			isa = PBXResourcesBuildPhase;
			buildActionMask = 2147483647;
			files = (
			);
			runOnlyForDeploymentPostprocessing = 0;
		};
/* End PBXResourcesBuildPhase section */

/* Begin PBXSourcesBuildPhase section */
		32B3AE9121940F2700C14C20 /* Sources */ = {
			isa = PBXSourcesBuildPhase;
			buildActionMask = 2147483647;
			files = (
				32B3AE9921940F2700C14C20 /* AppDelegate.swift in Sources */,
			);
			runOnlyForDeploymentPostprocessing = 0;
		};
		32B3AEA521940F2900C14C20 /* Sources */ = {
			isa = PBXSourcesBuildPhase;
			buildActionMask = 2147483647;
			files = (
				32B3AEAE21940F2900C14C20 /* CalculationTests.swift in Sources */,
				324C571521E445D70068A242 /* CalculationModelTest.swift in Sources */,
			);
			runOnlyForDeploymentPostprocessing = 0;
		};
		32B3AEB021940F2900C14C20 /* Sources */ = {
			isa = PBXSourcesBuildPhase;
			buildActionMask = 2147483647;
			files = (
				32B3AEB921940F2900C14C20 /* CalculationUITests.swift in Sources */,
			);
			runOnlyForDeploymentPostprocessing = 0;
		};
/* End PBXSourcesBuildPhase section */

/* Begin PBXTargetDependency section */
		32B3AEAB21940F2900C14C20 /* PBXTargetDependency */ = {
			isa = PBXTargetDependency;
			target = 32B3AE9421940F2700C14C20 /* Calculation */;
			targetProxy = 32B3AEAA21940F2900C14C20 /* PBXContainerItemProxy */;
		};
		32B3AEB621940F2900C14C20 /* PBXTargetDependency */ = {
			isa = PBXTargetDependency;
			target = 32B3AE9421940F2700C14C20 /* Calculation */;
			targetProxy = 32B3AEB521940F2900C14C20 /* PBXContainerItemProxy */;
		};
/* End PBXTargetDependency section */

/* Begin PBXVariantGroup section */
		32B3AEA121940F2900C14C20 /* LaunchScreen.storyboard */ = {
			isa = PBXVariantGroup;
			children = (
				32B3AEA221940F2900C14C20 /* Base */,
			);
			name = LaunchScreen.storyboard;
			sourceTree = "<group>";
		};
/* End PBXVariantGroup section */

/* Begin XCBuildConfiguration section */
		32B3AEBB21940F2900C14C20 /* Debug */ = {
			isa = XCBuildConfiguration;
			buildSettings = {
				ALWAYS_SEARCH_USER_PATHS = NO;
				CLANG_ANALYZER_NONNULL = YES;
				CLANG_ANALYZER_NUMBER_OBJECT_CONVERSION = YES_AGGRESSIVE;
				CLANG_CXX_LANGUAGE_STANDARD = "gnu++14";
				CLANG_CXX_LIBRARY = "libc++";
				CLANG_ENABLE_MODULES = YES;
				CLANG_ENABLE_OBJC_ARC = YES;
				CLANG_ENABLE_OBJC_WEAK = YES;
				CLANG_WARN_BLOCK_CAPTURE_AUTORELEASING = YES;
				CLANG_WARN_BOOL_CONVERSION = YES;
				CLANG_WARN_COMMA = YES;
				CLANG_WARN_CONSTANT_CONVERSION = YES;
				CLANG_WARN_DEPRECATED_OBJC_IMPLEMENTATIONS = YES;
				CLANG_WARN_DIRECT_OBJC_ISA_USAGE = YES_ERROR;
				CLANG_WARN_DOCUMENTATION_COMMENTS = YES;
				CLANG_WARN_EMPTY_BODY = YES;
				CLANG_WARN_ENUM_CONVERSION = YES;
				CLANG_WARN_INFINITE_RECURSION = YES;
				CLANG_WARN_INT_CONVERSION = YES;
				CLANG_WARN_NON_LITERAL_NULL_CONVERSION = YES;
				CLANG_WARN_OBJC_IMPLICIT_RETAIN_SELF = YES;
				CLANG_WARN_OBJC_LITERAL_CONVERSION = YES;
				CLANG_WARN_OBJC_ROOT_CLASS = YES_ERROR;
				CLANG_WARN_RANGE_LOOP_ANALYSIS = YES;
				CLANG_WARN_STRICT_PROTOTYPES = YES;
				CLANG_WARN_SUSPICIOUS_MOVE = YES;
				CLANG_WARN_UNGUARDED_AVAILABILITY = YES_AGGRESSIVE;
				CLANG_WARN_UNREACHABLE_CODE = YES;
				CLANG_WARN__DUPLICATE_METHOD_MATCH = YES;
				CODE_SIGN_IDENTITY = "iPhone Developer";
				COPY_PHASE_STRIP = NO;
				DEBUG_INFORMATION_FORMAT = dwarf;
				ENABLE_STRICT_OBJC_MSGSEND = YES;
				ENABLE_TESTABILITY = YES;
				GCC_C_LANGUAGE_STANDARD = gnu11;
				GCC_DYNAMIC_NO_PIC = NO;
				GCC_NO_COMMON_BLOCKS = YES;
				GCC_OPTIMIZATION_LEVEL = 0;
				GCC_PREPROCESSOR_DEFINITIONS = (
					"DEBUG=1",
					"$(inherited)",
				);
				GCC_WARN_64_TO_32_BIT_CONVERSION = YES;
				GCC_WARN_ABOUT_RETURN_TYPE = YES_ERROR;
				GCC_WARN_UNDECLARED_SELECTOR = YES;
				GCC_WARN_UNINITIALIZED_AUTOS = YES_AGGRESSIVE;
				GCC_WARN_UNUSED_FUNCTION = YES;
				GCC_WARN_UNUSED_VARIABLE = YES;
				IPHONEOS_DEPLOYMENT_TARGET = 12.1;
				MTL_ENABLE_DEBUG_INFO = INCLUDE_SOURCE;
				MTL_FAST_MATH = YES;
				ONLY_ACTIVE_ARCH = YES;
				SDKROOT = iphoneos;
				SWIFT_ACTIVE_COMPILATION_CONDITIONS = DEBUG;
				SWIFT_OPTIMIZATION_LEVEL = "-Onone";
			};
			name = Debug;
		};
		32B3AEBC21940F2900C14C20 /* Release */ = {
			isa = XCBuildConfiguration;
			buildSettings = {
				ALWAYS_SEARCH_USER_PATHS = NO;
				CLANG_ANALYZER_NONNULL = YES;
				CLANG_ANALYZER_NUMBER_OBJECT_CONVERSION = YES_AGGRESSIVE;
				CLANG_CXX_LANGUAGE_STANDARD = "gnu++14";
				CLANG_CXX_LIBRARY = "libc++";
				CLANG_ENABLE_MODULES = YES;
				CLANG_ENABLE_OBJC_ARC = YES;
				CLANG_ENABLE_OBJC_WEAK = YES;
				CLANG_WARN_BLOCK_CAPTURE_AUTORELEASING = YES;
				CLANG_WARN_BOOL_CONVERSION = YES;
				CLANG_WARN_COMMA = YES;
				CLANG_WARN_CONSTANT_CONVERSION = YES;
				CLANG_WARN_DEPRECATED_OBJC_IMPLEMENTATIONS = YES;
				CLANG_WARN_DIRECT_OBJC_ISA_USAGE = YES_ERROR;
				CLANG_WARN_DOCUMENTATION_COMMENTS = YES;
				CLANG_WARN_EMPTY_BODY = YES;
				CLANG_WARN_ENUM_CONVERSION = YES;
				CLANG_WARN_INFINITE_RECURSION = YES;
				CLANG_WARN_INT_CONVERSION = YES;
				CLANG_WARN_NON_LITERAL_NULL_CONVERSION = YES;
				CLANG_WARN_OBJC_IMPLICIT_RETAIN_SELF = YES;
				CLANG_WARN_OBJC_LITERAL_CONVERSION = YES;
				CLANG_WARN_OBJC_ROOT_CLASS = YES_ERROR;
				CLANG_WARN_RANGE_LOOP_ANALYSIS = YES;
				CLANG_WARN_STRICT_PROTOTYPES = YES;
				CLANG_WARN_SUSPICIOUS_MOVE = YES;
				CLANG_WARN_UNGUARDED_AVAILABILITY = YES_AGGRESSIVE;
				CLANG_WARN_UNREACHABLE_CODE = YES;
				CLANG_WARN__DUPLICATE_METHOD_MATCH = YES;
				CODE_SIGN_IDENTITY = "iPhone Developer";
				COPY_PHASE_STRIP = NO;
				DEBUG_INFORMATION_FORMAT = "dwarf-with-dsym";
				ENABLE_NS_ASSERTIONS = NO;
				ENABLE_STRICT_OBJC_MSGSEND = YES;
				GCC_C_LANGUAGE_STANDARD = gnu11;
				GCC_NO_COMMON_BLOCKS = YES;
				GCC_WARN_64_TO_32_BIT_CONVERSION = YES;
				GCC_WARN_ABOUT_RETURN_TYPE = YES_ERROR;
				GCC_WARN_UNDECLARED_SELECTOR = YES;
				GCC_WARN_UNINITIALIZED_AUTOS = YES_AGGRESSIVE;
				GCC_WARN_UNUSED_FUNCTION = YES;
				GCC_WARN_UNUSED_VARIABLE = YES;
				IPHONEOS_DEPLOYMENT_TARGET = 12.1;
				MTL_ENABLE_DEBUG_INFO = NO;
				MTL_FAST_MATH = YES;
				SDKROOT = iphoneos;
				SWIFT_COMPILATION_MODE = wholemodule;
				SWIFT_OPTIMIZATION_LEVEL = "-O";
				VALIDATE_PRODUCT = YES;
			};
			name = Release;
		};
		32B3AEBE21940F2900C14C20 /* Debug */ = {
			isa = XCBuildConfiguration;
			buildSettings = {
				ASSETCATALOG_COMPILER_APPICON_NAME = AppIcon;
				CODE_SIGN_STYLE = Automatic;
				DEVELOPMENT_TEAM = 3FVAM472SV;
				INFOPLIST_FILE = Calculation/Info.plist;
				IPHONEOS_DEPLOYMENT_TARGET = 11.4;
				LD_RUNPATH_SEARCH_PATHS = (
					"$(inherited)",
					"@executable_path/Frameworks",
				);
				PRODUCT_BUNDLE_IDENTIFIER = org.lb8.Calculation;
				PRODUCT_NAME = "$(TARGET_NAME)";
				SWIFT_VERSION = 4.2;
				TARGETED_DEVICE_FAMILY = "1,2";
			};
			name = Debug;
		};
		32B3AEBF21940F2900C14C20 /* Release */ = {
			isa = XCBuildConfiguration;
			buildSettings = {
				ASSETCATALOG_COMPILER_APPICON_NAME = AppIcon;
				CODE_SIGN_STYLE = Automatic;
				DEVELOPMENT_TEAM = 3FVAM472SV;
				INFOPLIST_FILE = Calculation/Info.plist;
				IPHONEOS_DEPLOYMENT_TARGET = 11.4;
				LD_RUNPATH_SEARCH_PATHS = (
					"$(inherited)",
					"@executable_path/Frameworks",
				);
				PRODUCT_BUNDLE_IDENTIFIER = org.lb8.Calculation;
				PRODUCT_NAME = "$(TARGET_NAME)";
				SWIFT_VERSION = 4.2;
				TARGETED_DEVICE_FAMILY = "1,2";
			};
			name = Release;
		};
		32B3AEC121940F2900C14C20 /* Debug */ = {
			isa = XCBuildConfiguration;
			buildSettings = {
				ALWAYS_EMBED_SWIFT_STANDARD_LIBRARIES = YES;
				BUNDLE_LOADER = "$(TEST_HOST)";
				CODE_SIGN_STYLE = Automatic;
				DEVELOPMENT_TEAM = 3FVAM472SV;
				INFOPLIST_FILE = CalculationTests/Info.plist;
				LD_RUNPATH_SEARCH_PATHS = (
					"$(inherited)",
					"@executable_path/Frameworks",
					"@loader_path/Frameworks",
				);
				PRODUCT_BUNDLE_IDENTIFIER = org.lb8.CalculationTests;
				PRODUCT_NAME = "$(TARGET_NAME)";
				SWIFT_VERSION = 4.2;
				TARGETED_DEVICE_FAMILY = "1,2";
				TEST_HOST = "$(BUILT_PRODUCTS_DIR)/Calculation.app/Calculation";
			};
			name = Debug;
		};
		32B3AEC221940F2900C14C20 /* Release */ = {
			isa = XCBuildConfiguration;
			buildSettings = {
				ALWAYS_EMBED_SWIFT_STANDARD_LIBRARIES = YES;
				BUNDLE_LOADER = "$(TEST_HOST)";
				CODE_SIGN_STYLE = Automatic;
				DEVELOPMENT_TEAM = 3FVAM472SV;
				INFOPLIST_FILE = CalculationTests/Info.plist;
				LD_RUNPATH_SEARCH_PATHS = (
					"$(inherited)",
					"@executable_path/Frameworks",
					"@loader_path/Frameworks",
				);
				PRODUCT_BUNDLE_IDENTIFIER = org.lb8.CalculationTests;
				PRODUCT_NAME = "$(TARGET_NAME)";
				SWIFT_VERSION = 4.2;
				TARGETED_DEVICE_FAMILY = "1,2";
				TEST_HOST = "$(BUILT_PRODUCTS_DIR)/Calculation.app/Calculation";
			};
			name = Release;
		};
		32B3AEC421940F2900C14C20 /* Debug */ = {
			isa = XCBuildConfiguration;
			buildSettings = {
				ALWAYS_EMBED_SWIFT_STANDARD_LIBRARIES = YES;
				CODE_SIGN_STYLE = Automatic;
				DEVELOPMENT_TEAM = 3FVAM472SV;
				INFOPLIST_FILE = CalculationUITests/Info.plist;
				LD_RUNPATH_SEARCH_PATHS = (
					"$(inherited)",
					"@executable_path/Frameworks",
					"@loader_path/Frameworks",
				);
				PRODUCT_BUNDLE_IDENTIFIER = org.lb8.CalculationUITests;
				PRODUCT_NAME = "$(TARGET_NAME)";
				SWIFT_VERSION = 4.2;
				TARGETED_DEVICE_FAMILY = "1,2";
				TEST_TARGET_NAME = Calculation;
			};
			name = Debug;
		};
		32B3AEC521940F2900C14C20 /* Release */ = {
			isa = XCBuildConfiguration;
			buildSettings = {
				ALWAYS_EMBED_SWIFT_STANDARD_LIBRARIES = YES;
				CODE_SIGN_STYLE = Automatic;
				DEVELOPMENT_TEAM = 3FVAM472SV;
				INFOPLIST_FILE = CalculationUITests/Info.plist;
				LD_RUNPATH_SEARCH_PATHS = (
					"$(inherited)",
					"@executable_path/Frameworks",
					"@loader_path/Frameworks",
				);
				PRODUCT_BUNDLE_IDENTIFIER = org.lb8.CalculationUITests;
				PRODUCT_NAME = "$(TARGET_NAME)";
				SWIFT_VERSION = 4.2;
				TARGETED_DEVICE_FAMILY = "1,2";
				TEST_TARGET_NAME = Calculation;
			};
			name = Release;
		};
/* End XCBuildConfiguration section */

/* Begin XCConfigurationList section */
		32B3AE9021940F2700C14C20 /* Build configuration list for PBXProject "Calculation" */ = {
			isa = XCConfigurationList;
			buildConfigurations = (
				32B3AEBB21940F2900C14C20 /* Debug */,
				32B3AEBC21940F2900C14C20 /* Release */,
			);
			defaultConfigurationIsVisible = 0;
			defaultConfigurationName = Release;
		};
		32B3AEBD21940F2900C14C20 /* Build configuration list for PBXNativeTarget "Calculation" */ = {
			isa = XCConfigurationList;
			buildConfigurations = (
				32B3AEBE21940F2900C14C20 /* Debug */,
				32B3AEBF21940F2900C14C20 /* Release */,
			);
			defaultConfigurationIsVisible = 0;
			defaultConfigurationName = Release;
		};
		32B3AEC021940F2900C14C20 /* Build configuration list for PBXNativeTarget "CalculationTests" */ = {
			isa = XCConfigurationList;
			buildConfigurations = (
				32B3AEC121940F2900C14C20 /* Debug */,
				32B3AEC221940F2900C14C20 /* Release */,
			);
			defaultConfigurationIsVisible = 0;
			defaultConfigurationName = Release;
		};
		32B3AEC321940F2900C14C20 /* Build configuration list for PBXNativeTarget "CalculationUITests" */ = {
			isa = XCConfigurationList;
			buildConfigurations = (
				32B3AEC421940F2900C14C20 /* Debug */,
				32B3AEC521940F2900C14C20 /* Release */,
			);
			defaultConfigurationIsVisible = 0;
			defaultConfigurationName = Release;
		};
/* End XCConfigurationList section */
	};
	rootObject = 32B3AE8D21940F2700C14C20 /* Project object */;
}
